
Microsoft Visual Studio Solution File, Format Version 12.00
# Visual Studio Version 16
VisualStudioVersion = 16.0.30611.23
MinimumVisualStudioVersion = 10.0.40219.1
Project("{FAE04EC0-301F-11D3-BF4B-00C04F79EFBC}") = "DragAndDrop", "DragAndDrop\DragAndDrop.csproj", "{5A4F971C-1A68-4D5C-B708-3A615F4B1B98}"
EndProject
Project("{FAE04EC0-301F-11D3-BF4B-00C04F79EFBC}") = "Model", "Model\Model.csproj", "{5F2473B2-8CE5-4872-AEA7-B83A1D7DBDA4}"
EndProject
Global
	GlobalSection(SolutionConfigurationPlatforms) = preSolution
		Debug|Any CPU = Debug|Any CPU
		Debug|ARM = Debug|ARM
		Debug|ARM64 = Debug|ARM64
		Debug|x64 = Debug|x64
		Debug|x86 = Debug|x86
		Release|Any CPU = Release|Any CPU
		Release|ARM = Release|ARM
		Release|ARM64 = Release|ARM64
		Release|x64 = Release|x64
		Release|x86 = Release|x86
	EndGlobalSection
	GlobalSection(ProjectConfigurationPlatforms) = postSolution
		{5A4F971C-1A68-4D5C-B708-3A615F4B1B98}.Debug|Any CPU.ActiveCfg = Debug|Any CPU
		{5A4F971C-1A68-4D5C-B708-3A615F4B1B98}.Debug|Any CPU.Build.0 = Debug|Any CPU
		{5A4F971C-1A68-4D5C-B708-3A615F4B1B98}.Debug|ARM.ActiveCfg = Debug|Any CPU
		{5A4F971C-1A68-4D5C-B708-3A615F4B1B98}.Debug|ARM.Build.0 = Debug|Any CPU
		{5A4F971C-1A68-4D5C-B708-3A615F4B1B98}.Debug|ARM64.ActiveCfg = Debug|Any CPU
		{5A4F971C-1A68-4D5C-B708-3A615F4B1B98}.Debug|ARM64.Build.0 = Debug|Any CPU
		{5A4F971C-1A68-4D5C-B708-3A615F4B1B98}.Debug|x64.ActiveCfg = Debug|Any CPU
		{5A4F971C-1A68-4D5C-B708-3A615F4B1B98}.Debug|x64.Build.0 = Debug|Any CPU
		{5A4F971C-1A68-4D5C-B708-3A615F4B1B98}.Debug|x86.ActiveCfg = Debug|Any CPU
		{5A4F971C-1A68-4D5C-B708-3A615F4B1B98}.Debug|x86.Build.0 = Debug|Any CPU
		{5A4F971C-1A68-4D5C-B708-3A615F4B1B98}.Release|Any CPU.ActiveCfg = Release|Any CPU
		{5A4F971C-1A68-4D5C-B708-3A615F4B1B98}.Release|Any CPU.Build.0 = Release|Any CPU
		{5A4F971C-1A68-4D5C-B708-3A615F4B1B98}.Release|ARM.ActiveCfg = Release|Any CPU
		{5A4F971C-1A68-4D5C-B708-3A615F4B1B98}.Release|ARM.Build.0 = Release|Any CPU
		{5A4F971C-1A68-4D5C-B708-3A615F4B1B98}.Release|ARM64.ActiveCfg = Release|Any CPU
		{5A4F971C-1A68-4D5C-B708-3A615F4B1B98}.Release|ARM64.Build.0 = Release|Any CPU
		{5A4F971C-1A68-4D5C-B708-3A615F4B1B98}.Release|x64.ActiveCfg = Release|Any CPU
		{5A4F971C-1A68-4D5C-B708-3A615F4B1B98}.Release|x64.Build.0 = Release|Any CPU
		{5A4F971C-1A68-4D5C-B708-3A615F4B1B98}.Release|x86.ActiveCfg = Release|Any CPU
		{5A4F971C-1A68-4D5C-B708-3A615F4B1B98}.Release|x86.Build.0 = Release|Any CPU
		{5F2473B2-8CE5-4872-AEA7-B83A1D7DBDA4}.Debug|Any CPU.ActiveCfg = Debug|Any CPU
		{5F2473B2-8CE5-4872-AEA7-B83A1D7DBDA4}.Debug|Any CPU.Build.0 = Debug|Any CPU
		{5F2473B2-8CE5-4872-AEA7-B83A1D7DBDA4}.Debug|ARM.ActiveCfg = Debug|ARM
		{5F2473B2-8CE5-4872-AEA7-B83A1D7DBDA4}.Debug|ARM.Build.0 = Debug|ARM
		{5F2473B2-8CE5-4872-AEA7-B83A1D7DBDA4}.Debug|ARM64.ActiveCfg = Debug|ARM64
		{5F2473B2-8CE5-4872-AEA7-B83A1D7DBDA4}.Debug|ARM64.Build.0 = Debug|ARM64
		{5F2473B2-8CE5-4872-AEA7-B83A1D7DBDA4}.Debug|x64.ActiveCfg = Debug|x64
		{5F2473B2-8CE5-4872-AEA7-B83A1D7DBDA4}.Debug|x64.Build.0 = Debug|x64
		{5F2473B2-8CE5-4872-AEA7-B83A1D7DBDA4}.Debug|x86.ActiveCfg = Debug|x86
		{5F2473B2-8CE5-4872-AEA7-B83A1D7DBDA4}.Debug|x86.Build.0 = Debug|x86
		{5F2473B2-8CE5-4872-AEA7-B83A1D7DBDA4}.Release|Any CPU.ActiveCfg = Release|Any CPU
		{5F2473B2-8CE5-4872-AEA7-B83A1D7DBDA4}.Release|Any CPU.Build.0 = Release|Any CPU
		{5F2473B2-8CE5-4872-AEA7-B83A1D7DBDA4}.Release|ARM.ActiveCfg = Release|ARM
		{5F2473B2-8CE5-4872-AEA7-B83A1D7DBDA4}.Release|ARM.Build.0 = Release|ARM
		{5F2473B2-8CE5-4872-AEA7-B83A1D7DBDA4}.Release|ARM64.ActiveCfg = Release|ARM64
		{5F2473B2-8CE5-4872-AEA7-B83A1D7DBDA4}.Release|ARM64.Build.0 = Release|ARM64
		{5F2473B2-8CE5-4872-AEA7-B83A1D7DBDA4}.Release|x64.ActiveCfg = Release|x64
		{5F2473B2-8CE5-4872-AEA7-B83A1D7DBDA4}.Release|x64.Build.0 = Release|x64
		{5F2473B2-8CE5-4872-AEA7-B83A1D7DBDA4}.Release|x86.ActiveCfg = Release|x86
		{5F2473B2-8CE5-4872-AEA7-B83A1D7DBDA4}.Release|x86.Build.0 = Release|x86
	EndGlobalSection
	GlobalSection(SolutionProperties) = preSolution
		HideSolutionNode = FALSE
	EndGlobalSection
	GlobalSection(ExtensibilityGlobals) = postSolution
		SolutionGuid = {433DECD1-8624-4171-8817-F3D2287BA863}
	EndGlobalSection
EndGlobal
